// !$*UTF8*$!
{
archiveVersion = 1;
classes = {
};
objectVersion = 56;
objects = {

/* Begin PBXBuildFile section */
/* TripMemoriesApp.swift in Sources */ = {isa = PBXBuildFile; fileRef = A1000002 /* TripMemoriesApp.swift */; };
/* ContentView.swift in Sources */ = {isa = PBXBuildFile; fileRef = A1000004 /* ContentView.swift */; };
/* Photo.swift in Sources */ = {isa = PBXBuildFile; fileRef = A1000006 /* Photo.swift */; };
/* Trip.swift in Sources */ = {isa = PBXBuildFile; fileRef = A1000008 /* Trip.swift */; };
/* UserSettings.swift in Sources */ = {isa = PBXBuildFile; fileRef = A1000010 /* UserSettings.swift */; };
/* PhotoLibraryService.swift in Sources */ = {isa = PBXBuildFile; fileRef = A1000012 /* PhotoLibraryService.swift */; };
/* TripClusteringService.swift in Sources */ = {isa = PBXBuildFile; fileRef = A1000014 /* TripClusteringService.swift */; };
/* PersistenceService.swift in Sources */ = {isa = PBXBuildFile; fileRef = A1000016 /* PersistenceService.swift */; };
/* PhotoLibraryViewModel.swift in Sources */ = {isa = PBXBuildFile; fileRef = A1000018 /* PhotoLibraryViewModel.swift */; };
/* TripViewModel.swift in Sources */ = {isa = PBXBuildFile; fileRef = A1000020 /* TripViewModel.swift */; };
/* OnboardingView.swift in Sources */ = {isa = PBXBuildFile; fileRef = A1000022 /* OnboardingView.swift */; };
/* TripListView.swift in Sources */ = {isa = PBXBuildFile; fileRef = A1000024 /* TripListView.swift */; };
/* TripDetailView.swift in Sources */ = {isa = PBXBuildFile; fileRef = A1000026 /* TripDetailView.swift */; };
/* TripCard.swift in Sources */ = {isa = PBXBuildFile; fileRef = A1000028 /* TripCard.swift */; };
/* End PBXBuildFile section */

/* Begin PBXFileReference section */
/* TripMemoriesApp.swift */ = {isa = PBXFileReference; lastKnownFileType = sourcecode.swift; path = TripMemoriesApp.swift; sourceTree = "<group>"; };
/* ContentView.swift */ = {isa = PBXFileReference; lastKnownFileType = sourcecode.swift; path = ContentView.swift; sourceTree = "<group>"; };
/* Photo.swift */ = {isa = PBXFileReference; lastKnownFileType = sourcecode.swift; path = Photo.swift; sourceTree = "<group>"; };
/* Trip.swift */ = {isa = PBXFileReference; lastKnownFileType = sourcecode.swift; path = Trip.swift; sourceTree = "<group>"; };
/* UserSettings.swift */ = {isa = PBXFileReference; lastKnownFileType = sourcecode.swift; path = UserSettings.swift; sourceTree = "<group>"; };
/* PhotoLibraryService.swift */ = {isa = PBXFileReference; lastKnownFileType = sourcecode.swift; path = PhotoLibraryService.swift; sourceTree = "<group>"; };
/* TripClusteringService.swift */ = {isa = PBXFileReference; lastKnownFileType = sourcecode.swift; path = TripClusteringService.swift; sourceTree = "<group>"; };
/* PersistenceService.swift */ = {isa = PBXFileReference; lastKnownFileType = sourcecode.swift; path = PersistenceService.swift; sourceTree = "<group>"; };
/* PhotoLibraryViewModel.swift */ = {isa = PBXFileReference; lastKnownFileType = sourcecode.swift; path = PhotoLibraryViewModel.swift; sourceTree = "<group>"; };
/* TripViewModel.swift */ = {isa = PBXFileReference; lastKnownFileType = sourcecode.swift; path = TripViewModel.swift; sourceTree = "<group>"; };
/* OnboardingView.swift */ = {isa = PBXFileReference; lastKnownFileType = sourcecode.swift; path = OnboardingView.swift; sourceTree = "<group>"; };
/* TripListView.swift */ = {isa = PBXFileReference; lastKnownFileType = sourcecode.swift; path = TripListView.swift; sourceTree = "<group>"; };
/* TripDetailView.swift */ = {isa = PBXFileReference; lastKnownFileType = sourcecode.swift; path = TripDetailView.swift; sourceTree = "<group>"; };
/* TripCard.swift */ = {isa = PBXFileReference; lastKnownFileType = sourcecode.swift; path = TripCard.swift; sourceTree = "<group>"; };
/* Info.plist */ = {isa = PBXFileReference; lastKnownFileType = text.plist.xml; path = Info.plist; sourceTree = "<group>"; };
/* TripMemories.app */ = {isa = PBXFileReference; explicitFileType = wrapper.application; includeInIndex = 0; path = TripMemories.app; sourceTree = BUILT_PRODUCTS_DIR; };
/* End PBXFileReference section */

/* Begin PBXFrameworksBuildPhase section */
/* Frameworks */ = {
= PBXFrameworksBuildPhase;
Mask = 2147483647;
= (
OnlyForDeploymentPostprocessing = 0;
/* End PBXFrameworksBuildPhase section */

/* Begin PBXGroup section */
= {
= PBXGroup;
 = (
/* TripMemories */,
/* Products */,
= "<group>";
/* TripMemories */ = {
= PBXGroup;
 = (
/* Info.plist */,
/* App */,
/* Models */,
/* Services */,
/* ViewModels */,
/* Views */,
= TripMemories;
= "<group>";
/* Products */ = {
= PBXGroup;
 = (
/* TripMemories.app */,
ame = Products;
= "<group>";
/* App */ = {
= PBXGroup;
 = (
/* TripMemoriesApp.swift */,
= App;
= "<group>";
/* Models */ = {
= PBXGroup;
 = (
/* Photo.swift */,
/* Trip.swift */,
/* UserSettings.swift */,
= Models;
= "<group>";
/* Services */ = {
= PBXGroup;
 = (
/* PhotoLibraryService.swift */,
/* TripClusteringService.swift */,
/* PersistenceService.swift */,
= Services;
= "<group>";
/* ViewModels */ = {
= PBXGroup;
 = (
/* PhotoLibraryViewModel.swift */,
/* TripViewModel.swift */,
= ViewModels;
= "<group>";
/* Views */ = {
= PBXGroup;
 = (
/* ContentView.swift */,
/* Screens */,
/* Components */,
= Views;
= "<group>";
/* Screens */ = {
= PBXGroup;
 = (
/* OnboardingView.swift */,
/* TripListView.swift */,
/* TripDetailView.swift */,
= Screens;
= "<group>";
/* Components */ = {
= PBXGroup;
 = (
/* TripCard.swift */,
= Components;
= "<group>";
/* End PBXGroup section */

/* Begin PBXNativeTarget section */
/* TripMemories */ = {
= PBXNativeTarget;
figurationList = A1000044 /* Build configuration list for PBXNativeTarget "TripMemories" */;
= (
/* Sources */,
/* Frameworks */,
/* Resources */,
= (
dencies = (
ame = TripMemories;
ame = TripMemories;
ce = A1000031 /* TripMemories.app */;
pe = "com.apple.product-type.application";
/* End PBXNativeTarget section */

/* Begin PBXProject section */
/* Project object */ = {
= PBXProject;
= {
dependentTargetsInParallel = 1;
= 1500;
= 1500;
figurationList = A1000048 /* Build configuration list for PBXProject "TripMemories" */;
Version = "Xcode 14.0";
tRegion = en;
nedForEncodings = 0;
ownRegions = (
,
Group = A1000033;
= A1000035 /* Products */;
= "";
= "";
= (
/* TripMemories */,
/* End PBXProject section */

/* Begin PBXResourcesBuildPhase section */
/* Resources */ = {
= PBXResourcesBuildPhase;
Mask = 2147483647;
= (
OnlyForDeploymentPostprocessing = 0;
/* End PBXResourcesBuildPhase section */

/* Begin PBXSourcesBuildPhase section */
/* Sources */ = {
= PBXSourcesBuildPhase;
Mask = 2147483647;
= (
/* TripMemoriesApp.swift in Sources */,
/* ContentView.swift in Sources */,
/* Photo.swift in Sources */,
/* Trip.swift in Sources */,
/* UserSettings.swift in Sources */,
/* PhotoLibraryService.swift in Sources */,
/* TripClusteringService.swift in Sources */,
/* PersistenceService.swift in Sources */,
/* PhotoLibraryViewModel.swift in Sources */,
/* TripViewModel.swift in Sources */,
/* OnboardingView.swift in Sources */,
/* TripListView.swift in Sources */,
/* TripDetailView.swift in Sources */,
/* TripCard.swift in Sources */,
OnlyForDeploymentPostprocessing = 0;
/* End PBXSourcesBuildPhase section */

/* Begin XCBuildConfiguration section */
/* Debug */ = {
= XCBuildConfiguration;
gs = {
S_SEARCH_USER_PATHS = NO;
ERATE_SWIFT_ASSET_SYMBOL_EXTENSIONS = YES;
G_ANALYZER_NONNULL = YES;
G_ANALYZER_NUMBER_OBJECT_CONVERSION = YES_AGGRESSIVE;
G_CXX_LANGUAGE_STANDARD = "gnu++20";
G_ENABLE_MODULES = YES;
G_ENABLE_OBJC_ARC = YES;
G_ENABLE_OBJC_WEAK = YES;
G_WARN_BLOCK_CAPTURE_AUTORELEASING = YES;
G_WARN_BOOL_CONVERSION = YES;
G_WARN_COMMA = YES;
G_WARN_CONSTANT_CONVERSION = YES;
G_WARN_DEPRECATED_OBJC_IMPLEMENTATIONS = YES;
G_WARN_DIRECT_OBJC_ISA_USAGE = YES_ERROR;
G_WARN_DOCUMENTATION_COMMENTS = YES;
G_WARN_EMPTY_BODY = YES;
G_WARN_ENUM_CONVERSION = YES;
G_WARN_INFINITE_RECURSION = YES;
G_WARN_INT_CONVERSION = YES;
G_WARN_NON_LITERAL_NULL_CONVERSION = YES;
G_WARN_OBJC_IMPLICIT_RETAIN_SELF = YES;
G_WARN_OBJC_LITERAL_CONVERSION = YES;
G_WARN_OBJC_ROOT_CLASS = YES_ERROR;
G_WARN_QUOTED_INCLUDE_IN_FRAMEWORK_HEADER = YES;
G_WARN_RANGE_LOOP_ANALYSIS = YES;
G_WARN_STRICT_PROTOTYPES = YES;
G_WARN_SUSPICIOUS_MOVE = YES;
G_WARN_UNGUARDED_AVAILABILITY = YES_AGGRESSIVE;
G_WARN_UNREACHABLE_CODE = YES;
G_WARN__DUPLICATE_METHOD_MATCH = YES;
_PHASE_STRIP = NO;
FORMATION_FORMAT = dwarf;
ABLE_STRICT_OBJC_MSGSEND = YES;
ABLE_TESTABILITY = YES;
ABLE_USER_SCRIPT_SANDBOXING = YES;
GUAGE_STANDARD = gnu17;
NAMIC_NO_PIC = NO;
O_COMMON_BLOCKS = YES;
_LEVEL = 0;
ITIONS = (
herited)",
_64_TO_32_BIT_CONVERSION = YES;
_ABOUT_RETURN_TYPE = YES_ERROR;
_UNDECLARED_SELECTOR = YES;
_UNINITIALIZED_AUTOS = YES_AGGRESSIVE;
_UNUSED_FUNCTION = YES;
_UNUSED_VARIABLE = YES;
EOS_DEPLOYMENT_TARGET = 17.0;
_PREFERS_STRING_CATALOGS = YES;
ABLE_DEBUG_INFO = INCLUDE_SOURCE;
= YES;
LY_ACTIVE_ARCH = YES;
= iphoneos;
_CONDITIONS = "DEBUG $(inherited)";
_LEVEL = "-Onone";
ame = Debug;
/* Release */ = {
= XCBuildConfiguration;
gs = {
S_SEARCH_USER_PATHS = NO;
ERATE_SWIFT_ASSET_SYMBOL_EXTENSIONS = YES;
G_ANALYZER_NONNULL = YES;
G_ANALYZER_NUMBER_OBJECT_CONVERSION = YES_AGGRESSIVE;
G_CXX_LANGUAGE_STANDARD = "gnu++20";
G_ENABLE_MODULES = YES;
G_ENABLE_OBJC_ARC = YES;
G_ENABLE_OBJC_WEAK = YES;
G_WARN_BLOCK_CAPTURE_AUTORELEASING = YES;
G_WARN_BOOL_CONVERSION = YES;
G_WARN_COMMA = YES;
G_WARN_CONSTANT_CONVERSION = YES;
G_WARN_DEPRECATED_OBJC_IMPLEMENTATIONS = YES;
G_WARN_DIRECT_OBJC_ISA_USAGE = YES_ERROR;
G_WARN_DOCUMENTATION_COMMENTS = YES;
G_WARN_EMPTY_BODY = YES;
G_WARN_ENUM_CONVERSION = YES;
G_WARN_INFINITE_RECURSION = YES;
G_WARN_INT_CONVERSION = YES;
G_WARN_NON_LITERAL_NULL_CONVERSION = YES;
G_WARN_OBJC_IMPLICIT_RETAIN_SELF = YES;
G_WARN_OBJC_LITERAL_CONVERSION = YES;
G_WARN_OBJC_ROOT_CLASS = YES_ERROR;
G_WARN_QUOTED_INCLUDE_IN_FRAMEWORK_HEADER = YES;
G_WARN_RANGE_LOOP_ANALYSIS = YES;
G_WARN_STRICT_PROTOTYPES = YES;
G_WARN_SUSPICIOUS_MOVE = YES;
G_WARN_UNGUARDED_AVAILABILITY = YES_AGGRESSIVE;
G_WARN_UNREACHABLE_CODE = YES;
G_WARN__DUPLICATE_METHOD_MATCH = YES;
_PHASE_STRIP = NO;
FORMATION_FORMAT = "dwarf-with-dsym";
ABLE_NS_ASSERTIONS = NO;
ABLE_STRICT_OBJC_MSGSEND = YES;
ABLE_USER_SCRIPT_SANDBOXING = YES;
GUAGE_STANDARD = gnu17;
O_COMMON_BLOCKS = YES;
_64_TO_32_BIT_CONVERSION = YES;
_ABOUT_RETURN_TYPE = YES_ERROR;
_UNDECLARED_SELECTOR = YES;
_UNINITIALIZED_AUTOS = YES_AGGRESSIVE;
_UNUSED_FUNCTION = YES;
_UNUSED_VARIABLE = YES;
EOS_DEPLOYMENT_TARGET = 17.0;
_PREFERS_STRING_CATALOGS = YES;
ABLE_DEBUG_INFO = NO;
= YES;
= iphoneos;
_MODE = wholemodule;
= YES;
ame = Release;
/* Debug */ = {
= XCBuildConfiguration;
gs = {
_NAME = AppIcon;
T_COLOR_NAME = AccentColor;
_STYLE = Automatic;
T_PROJECT_VERSION = 1;
T_TEAM = "";
ABLE_PREVIEWS = YES;
ERATE_INFOPLIST_FILE = NO;
FOPLIST_FILE = TripMemories/Info.plist;
FOPLIST_KEY_UIApplicationSceneManifest_Generation = YES;
FOPLIST_KEY_UIApplicationSupportsIndirectInputEvents = YES;
FOPLIST_KEY_UILaunchScreen_Generation = YES;
FOPLIST_KEY_UISupportedInterfaceOrientations = UIInterfaceOrientationPortrait;
FOPLIST_KEY_UISupportedInterfaceOrientations_iPad = "UIInterfaceOrientationLandscapeLeft UIInterfaceOrientationLandscapeRight UIInterfaceOrientationPortrait UIInterfaceOrientationPortraitUpsideDown";
PATH_SEARCH_PATHS = (
herited)",
G_VERSION = 1.0;
DLE_IDENTIFIER = com.george.tripmemories;
AME = "$(TARGET_NAME)";
= "iphoneos iphonesimulator";
ST = NO;
GS = YES;
 = 5.0;
 = "1,2";
ame = Debug;
/* Release */ = {
= XCBuildConfiguration;
gs = {
_NAME = AppIcon;
T_COLOR_NAME = AccentColor;
_STYLE = Automatic;
T_PROJECT_VERSION = 1;
T_TEAM = "";
ABLE_PREVIEWS = YES;
ERATE_INFOPLIST_FILE = NO;
FOPLIST_FILE = TripMemories/Info.plist;
FOPLIST_KEY_UIApplicationSceneManifest_Generation = YES;
FOPLIST_KEY_UIApplicationSupportsIndirectInputEvents = YES;
FOPLIST_KEY_UILaunchScreen_Generation = YES;
FOPLIST_KEY_UISupportedInterfaceOrientations = UIInterfaceOrientationPortrait;
FOPLIST_KEY_UISupportedInterfaceOrientations_iPad = "UIInterfaceOrientationLandscapeLeft UIInterfaceOrientationLandscapeRight UIInterfaceOrientationPortrait UIInterfaceOrientationPortraitUpsideDown";
PATH_SEARCH_PATHS = (
herited)",
G_VERSION = 1.0;
DLE_IDENTIFIER = com.george.tripmemories;
AME = "$(TARGET_NAME)";
= "iphoneos iphonesimulator";
ST = NO;
GS = YES;
 = 5.0;
 = "1,2";
ame = Release;
/* End XCBuildConfiguration section */

/* Begin XCConfigurationList section */
/* Build configuration list for PBXNativeTarget "TripMemories" */ = {
= XCConfigurationList;
figurations = (
/* Debug */,
/* Release */,
figurationIsVisible = 0;
figurationName = Release;
/* Build configuration list for PBXProject "TripMemories" */ = {
= XCConfigurationList;
figurations = (
/* Debug */,
/* Release */,
figurationIsVisible = 0;
figurationName = Release;
/* End XCConfigurationList section */
};
rootObject = A1000047 /* Project object */;
}
